// !$*UTF8*$!
{
	archiveVersion = 1;
	classes = {
	};
	objectVersion = 56;
	objects = {

/* Begin PBXBuildFile section */
		0C0328C72B79457400DDCD2C /* MangasList.swift in Sources */ = {isa = PBXBuildFile; fileRef = 0C0328C62B79457400DDCD2C /* MangasList.swift */; };
		0C0328C92B794CA200DDCD2C /* MangasGrid.swift in Sources */ = {isa = PBXBuildFile; fileRef = 0C0328C82B794CA200DDCD2C /* MangasGrid.swift */; };
		0C11F6572B75A08D00DD1D80 /* Test.swift in Sources */ = {isa = PBXBuildFile; fileRef = 0C11F6562B75A08D00DD1D80 /* Test.swift */; };
		0C1E36F92B768B200050E94E /* BestMangasView.swift in Sources */ = {isa = PBXBuildFile; fileRef = 0C1E36F82B768B200050E94E /* BestMangasView.swift */; };
		0C1E36FB2B768B300050E94E /* MyMangasView.swift in Sources */ = {isa = PBXBuildFile; fileRef = 0C1E36FA2B768B300050E94E /* MyMangasView.swift */; };
		0C1E36FD2B768B790050E94E /* MangasTabView.swift in Sources */ = {isa = PBXBuildFile; fileRef = 0C1E36FC2B768B790050E94E /* MangasTabView.swift */; };
		0C3AC2E32B756D2A0058A91B /* Enums.swift in Sources */ = {isa = PBXBuildFile; fileRef = 0C3AC2E22B756D2A0058A91B /* Enums.swift */; };
		0C3AC2E72B7583200058A91B /* SearchVM.swift in Sources */ = {isa = PBXBuildFile; fileRef = 0C3AC2E62B7583200058A91B /* SearchVM.swift */; };
		0C5189632B73D2C100D7E0EA /* TestMangaDetail.swift in Sources */ = {isa = PBXBuildFile; fileRef = 0C5189622B73D2C100D7E0EA /* TestMangaDetail.swift */; };
		0C5189662B73F25300D7E0EA /* TestView.swift in Sources */ = {isa = PBXBuildFile; fileRef = 0C5189652B73F25300D7E0EA /* TestView.swift */; };
		0C5189682B74341200D7E0EA /* BestMangas100.json in Resources */ = {isa = PBXBuildFile; fileRef = 0C5189672B74341200D7E0EA /* BestMangas100.json */; };
		0C51896A2B74344C00D7E0EA /* PreviewData.swift in Sources */ = {isa = PBXBuildFile; fileRef = 0C5189692B74344C00D7E0EA /* PreviewData.swift */; };
		0C57D0552B716F1000181AAD /* ZMangasApp.swift in Sources */ = {isa = PBXBuildFile; fileRef = 0C57D0542B716F1000181AAD /* ZMangasApp.swift */; };
		0C57D0572B716F1000181AAD /* MangasView.swift in Sources */ = {isa = PBXBuildFile; fileRef = 0C57D0562B716F1000181AAD /* MangasView.swift */; };
		0C57D0592B716F1200181AAD /* Assets.xcassets in Resources */ = {isa = PBXBuildFile; fileRef = 0C57D0582B716F1200181AAD /* Assets.xcassets */; };
		0C57D05C2B716F1200181AAD /* Preview Assets.xcassets in Resources */ = {isa = PBXBuildFile; fileRef = 0C57D05B2B716F1200181AAD /* Preview Assets.xcassets */; };
		0C5B035A2B7A637000B05F59 /* Utils.swift in Sources */ = {isa = PBXBuildFile; fileRef = 0C5B03592B7A637000B05F59 /* Utils.swift */; };
		0C6B976F2B74508D0067FB7B /* DragonBall.json in Resources */ = {isa = PBXBuildFile; fileRef = 0C6B976E2B74508D0067FB7B /* DragonBall.json */; };
		0C805F502B7170D7007816FA /* DTOModel.swift in Sources */ = {isa = PBXBuildFile; fileRef = 0C805F4F2B7170D7007816FA /* DTOModel.swift */; };
		0C805F542B7174AE007816FA /* URL.swift in Sources */ = {isa = PBXBuildFile; fileRef = 0C805F532B7174AE007816FA /* URL.swift */; };
		0C805F562B718CF8007816FA /* URLRequest.swift in Sources */ = {isa = PBXBuildFile; fileRef = 0C805F552B718CF8007816FA /* URLRequest.swift */; };
		0C805F582B718D93007816FA /* NetworkError.swift in Sources */ = {isa = PBXBuildFile; fileRef = 0C805F572B718D93007816FA /* NetworkError.swift */; };
		0C805F5A2B718DD5007816FA /* URLSession.swift in Sources */ = {isa = PBXBuildFile; fileRef = 0C805F592B718DD5007816FA /* URLSession.swift */; };
		0C805F5D2B718E4F007816FA /* Network.swift in Sources */ = {isa = PBXBuildFile; fileRef = 0C805F5C2B718E4F007816FA /* Network.swift */; };
		0C805F612B71A65D007816FA /* Model.swift in Sources */ = {isa = PBXBuildFile; fileRef = 0C805F602B71A65D007816FA /* Model.swift */; };
		0C805F642B71A6BA007816FA /* MangasVM.swift in Sources */ = {isa = PBXBuildFile; fileRef = 0C805F632B71A6BA007816FA /* MangasVM.swift */; };
		0CA3EE022B7A9FAD00AB6128 /* BestMangasVM.swift in Sources */ = {isa = PBXBuildFile; fileRef = 0CA3EE012B7A9FAD00AB6128 /* BestMangasVM.swift */; };
		0CB0E5B52B76DAB50061FBC7 /* Mangas100.json in Resources */ = {isa = PBXBuildFile; fileRef = 0CB0E5B42B76DAB40061FBC7 /* Mangas100.json */; };
		0CB0E5B72B76E0C40061FBC7 /* DetailView.swift in Sources */ = {isa = PBXBuildFile; fileRef = 0CB0E5B62B76E0C40061FBC7 /* DetailView.swift */; };
		0CB0E5B92B76E3FA0061FBC7 /* Akira.json in Resources */ = {isa = PBXBuildFile; fileRef = 0CB0E5B82B76E3FA0061FBC7 /* Akira.json */; };
		0CB0E5BD2B76E77B0061FBC7 /* BookCoverView.swift in Sources */ = {isa = PBXBuildFile; fileRef = 0CB0E5BC2B76E77B0061FBC7 /* BookCoverView.swift */; };
		0CB0E5BF2B76E9E00061FBC7 /* GridView.swift in Sources */ = {isa = PBXBuildFile; fileRef = 0CB0E5BE2B76E9E00061FBC7 /* GridView.swift */; };
		0CD208792B75613000A5532A /* FilterView.swift in Sources */ = {isa = PBXBuildFile; fileRef = 0CD208782B75613000A5532A /* FilterView.swift */; };
		0CE8044A2B743A0000B5DA18 /* Authors.json in Resources */ = {isa = PBXBuildFile; fileRef = 0CE804492B743A0000B5DA18 /* Authors.json */; };
		0CF94A842B743B7600F0683E /* Themes.json in Resources */ = {isa = PBXBuildFile; fileRef = 0CF94A832B743B7600F0683E /* Themes.json */; };
		0CF94A862B743C0700F0683E /* Genres.json in Resources */ = {isa = PBXBuildFile; fileRef = 0CF94A852B743C0700F0683E /* Genres.json */; };
		0CF9A6EB2B780217001F4E81 /* MangaRowView.swift in Sources */ = {isa = PBXBuildFile; fileRef = 0CF9A6EA2B780217001F4E81 /* MangaRowView.swift */; };
/* End PBXBuildFile section */

/* Begin PBXFileReference section */
		0C0328C62B79457400DDCD2C /* MangasList.swift */ = {isa = PBXFileReference; lastKnownFileType = sourcecode.swift; path = MangasList.swift; sourceTree = "<group>"; };
		0C0328C82B794CA200DDCD2C /* MangasGrid.swift */ = {isa = PBXFileReference; lastKnownFileType = sourcecode.swift; path = MangasGrid.swift; sourceTree = "<group>"; };
		0C11F6562B75A08D00DD1D80 /* Test.swift */ = {isa = PBXFileReference; lastKnownFileType = sourcecode.swift; path = Test.swift; sourceTree = "<group>"; };
		0C1E36F82B768B200050E94E /* BestMangasView.swift */ = {isa = PBXFileReference; lastKnownFileType = sourcecode.swift; path = BestMangasView.swift; sourceTree = "<group>"; };
		0C1E36FA2B768B300050E94E /* MyMangasView.swift */ = {isa = PBXFileReference; lastKnownFileType = sourcecode.swift; path = MyMangasView.swift; sourceTree = "<group>"; };
		0C1E36FC2B768B790050E94E /* MangasTabView.swift */ = {isa = PBXFileReference; lastKnownFileType = sourcecode.swift; path = MangasTabView.swift; sourceTree = "<group>"; };
		0C3AC2E22B756D2A0058A91B /* Enums.swift */ = {isa = PBXFileReference; lastKnownFileType = sourcecode.swift; path = Enums.swift; sourceTree = "<group>"; };
		0C3AC2E62B7583200058A91B /* SearchVM.swift */ = {isa = PBXFileReference; lastKnownFileType = sourcecode.swift; path = SearchVM.swift; sourceTree = "<group>"; };
		0C5189622B73D2C100D7E0EA /* TestMangaDetail.swift */ = {isa = PBXFileReference; lastKnownFileType = sourcecode.swift; path = TestMangaDetail.swift; sourceTree = "<group>"; };
		0C5189652B73F25300D7E0EA /* TestView.swift */ = {isa = PBXFileReference; lastKnownFileType = sourcecode.swift; path = TestView.swift; sourceTree = "<group>"; };
		0C5189672B74341200D7E0EA /* BestMangas100.json */ = {isa = PBXFileReference; fileEncoding = 4; lastKnownFileType = text.json; path = BestMangas100.json; sourceTree = "<group>"; };
		0C5189692B74344C00D7E0EA /* PreviewData.swift */ = {isa = PBXFileReference; lastKnownFileType = sourcecode.swift; path = PreviewData.swift; sourceTree = "<group>"; };
		0C57D0512B716F1000181AAD /* ZMangas.app */ = {isa = PBXFileReference; explicitFileType = wrapper.application; includeInIndex = 0; path = ZMangas.app; sourceTree = BUILT_PRODUCTS_DIR; };
		0C57D0542B716F1000181AAD /* ZMangasApp.swift */ = {isa = PBXFileReference; lastKnownFileType = sourcecode.swift; path = ZMangasApp.swift; sourceTree = "<group>"; };
		0C57D0562B716F1000181AAD /* MangasView.swift */ = {isa = PBXFileReference; lastKnownFileType = sourcecode.swift; path = MangasView.swift; sourceTree = "<group>"; };
		0C57D0582B716F1200181AAD /* Assets.xcassets */ = {isa = PBXFileReference; lastKnownFileType = folder.assetcatalog; path = Assets.xcassets; sourceTree = "<group>"; };
		0C57D05B2B716F1200181AAD /* Preview Assets.xcassets */ = {isa = PBXFileReference; lastKnownFileType = folder.assetcatalog; path = "Preview Assets.xcassets"; sourceTree = "<group>"; };
		0C5B03592B7A637000B05F59 /* Utils.swift */ = {isa = PBXFileReference; lastKnownFileType = sourcecode.swift; path = Utils.swift; sourceTree = "<group>"; };
		0C6B976E2B74508D0067FB7B /* DragonBall.json */ = {isa = PBXFileReference; fileEncoding = 4; lastKnownFileType = text.json; path = DragonBall.json; sourceTree = "<group>"; };
		0C805F4F2B7170D7007816FA /* DTOModel.swift */ = {isa = PBXFileReference; lastKnownFileType = sourcecode.swift; path = DTOModel.swift; sourceTree = "<group>"; };
		0C805F532B7174AE007816FA /* URL.swift */ = {isa = PBXFileReference; lastKnownFileType = sourcecode.swift; path = URL.swift; sourceTree = "<group>"; };
		0C805F552B718CF8007816FA /* URLRequest.swift */ = {isa = PBXFileReference; lastKnownFileType = sourcecode.swift; path = URLRequest.swift; sourceTree = "<group>"; };
		0C805F572B718D93007816FA /* NetworkError.swift */ = {isa = PBXFileReference; lastKnownFileType = sourcecode.swift; path = NetworkError.swift; sourceTree = "<group>"; };
		0C805F592B718DD5007816FA /* URLSession.swift */ = {isa = PBXFileReference; lastKnownFileType = sourcecode.swift; path = URLSession.swift; sourceTree = "<group>"; };
		0C805F5C2B718E4F007816FA /* Network.swift */ = {isa = PBXFileReference; lastKnownFileType = sourcecode.swift; path = Network.swift; sourceTree = "<group>"; };
		0C805F602B71A65D007816FA /* Model.swift */ = {isa = PBXFileReference; fileEncoding = 4; lastKnownFileType = sourcecode.swift; path = Model.swift; sourceTree = "<group>"; };
		0C805F632B71A6BA007816FA /* MangasVM.swift */ = {isa = PBXFileReference; lastKnownFileType = sourcecode.swift; path = MangasVM.swift; sourceTree = "<group>"; };
		0CA3EE012B7A9FAD00AB6128 /* BestMangasVM.swift */ = {isa = PBXFileReference; lastKnownFileType = sourcecode.swift; path = BestMangasVM.swift; sourceTree = "<group>"; };
		0CB0E5B42B76DAB40061FBC7 /* Mangas100.json */ = {isa = PBXFileReference; fileEncoding = 4; lastKnownFileType = text.json; path = Mangas100.json; sourceTree = "<group>"; };
		0CB0E5B62B76E0C40061FBC7 /* DetailView.swift */ = {isa = PBXFileReference; lastKnownFileType = sourcecode.swift; path = DetailView.swift; sourceTree = "<group>"; };
		0CB0E5B82B76E3FA0061FBC7 /* Akira.json */ = {isa = PBXFileReference; fileEncoding = 4; lastKnownFileType = text.json; path = Akira.json; sourceTree = "<group>"; };
		0CB0E5BC2B76E77B0061FBC7 /* BookCoverView.swift */ = {isa = PBXFileReference; lastKnownFileType = sourcecode.swift; path = BookCoverView.swift; sourceTree = "<group>"; };
		0CB0E5BE2B76E9E00061FBC7 /* GridView.swift */ = {isa = PBXFileReference; lastKnownFileType = sourcecode.swift; path = GridView.swift; sourceTree = "<group>"; };
		0CD208782B75613000A5532A /* FilterView.swift */ = {isa = PBXFileReference; lastKnownFileType = sourcecode.swift; path = FilterView.swift; sourceTree = "<group>"; };
		0CE804492B743A0000B5DA18 /* Authors.json */ = {isa = PBXFileReference; fileEncoding = 4; lastKnownFileType = text.json; path = Authors.json; sourceTree = "<group>"; };
		0CF94A832B743B7600F0683E /* Themes.json */ = {isa = PBXFileReference; fileEncoding = 4; lastKnownFileType = text.json; path = Themes.json; sourceTree = "<group>"; };
		0CF94A852B743C0700F0683E /* Genres.json */ = {isa = PBXFileReference; fileEncoding = 4; lastKnownFileType = text.json; path = Genres.json; sourceTree = "<group>"; };
		0CF9A6EA2B780217001F4E81 /* MangaRowView.swift */ = {isa = PBXFileReference; lastKnownFileType = sourcecode.swift; path = MangaRowView.swift; sourceTree = "<group>"; };
/* End PBXFileReference section */

/* Begin PBXFrameworksBuildPhase section */
		0C57D04E2B716F1000181AAD /* Frameworks */ = {
			isa = PBXFrameworksBuildPhase;
			buildActionMask = 2147483647;
			files = (
			);
			runOnlyForDeploymentPostprocessing = 0;
		};
/* End PBXFrameworksBuildPhase section */

/* Begin PBXGroup section */
		0C1E36FE2B768EED0050E94E /* Components */ = {
			isa = PBXGroup;
			children = (
				0C0328C62B79457400DDCD2C /* MangasList.swift */,
				0C0328C82B794CA200DDCD2C /* MangasGrid.swift */,
				0CF9A6EA2B780217001F4E81 /* MangaRowView.swift */,
				0CB0E5BC2B76E77B0061FBC7 /* BookCoverView.swift */,
			);
			name = Components;
			sourceTree = "<group>";
		};
		0C5189642B73ECD500D7E0EA /* TestViews */ = {
			isa = PBXGroup;
			children = (
				0CB0E5BE2B76E9E00061FBC7 /* GridView.swift */,
				0C11F6562B75A08D00DD1D80 /* Test.swift */,
				0C5189622B73D2C100D7E0EA /* TestMangaDetail.swift */,
				0C5189652B73F25300D7E0EA /* TestView.swift */,
			);
			name = TestViews;
			sourceTree = "<group>";
		};
		0C57D0482B716F1000181AAD = {
			isa = PBXGroup;
			children = (
				0C57D0532B716F1000181AAD /* ZMangas */,
				0C57D0522B716F1000181AAD /* Products */,
			);
			sourceTree = "<group>";
		};
		0C57D0522B716F1000181AAD /* Products */ = {
			isa = PBXGroup;
			children = (
				0C57D0512B716F1000181AAD /* ZMangas.app */,
			);
			name = Products;
			sourceTree = "<group>";
		};
		0C57D0532B716F1000181AAD /* ZMangas */ = {
			isa = PBXGroup;
			children = (
				0C57D0542B716F1000181AAD /* ZMangasApp.swift */,
				0C1E36FC2B768B790050E94E /* MangasTabView.swift */,
				0C57D0562B716F1000181AAD /* MangasView.swift */,
				0C1E36F82B768B200050E94E /* BestMangasView.swift */,
				0C1E36FA2B768B300050E94E /* MyMangasView.swift */,
				0CD208782B75613000A5532A /* FilterView.swift */,
				0CB0E5B62B76E0C40061FBC7 /* DetailView.swift */,
				0C5B03592B7A637000B05F59 /* Utils.swift */,
				0C1E36FE2B768EED0050E94E /* Components */,
				0C5189642B73ECD500D7E0EA /* TestViews */,
				0C805F622B71A6A3007816FA /* ViewModel */,
				0C805F5B2B718E1F007816FA /* Interactor */,
				0C805F522B717470007816FA /* Interface */,
				0C805F4E2B7170BD007816FA /* Model */,
				0C57D0582B716F1200181AAD /* Assets.xcassets */,
				0C57D05A2B716F1200181AAD /* Preview Content */,
			);
			path = ZMangas;
			sourceTree = "<group>";
		};
		0C57D05A2B716F1200181AAD /* Preview Content */ = {
			isa = PBXGroup;
			children = (
				0C57D05B2B716F1200181AAD /* Preview Assets.xcassets */,
				0C5189692B74344C00D7E0EA /* PreviewData.swift */,
				0CB0E5B82B76E3FA0061FBC7 /* Akira.json */,
				0C6B976E2B74508D0067FB7B /* DragonBall.json */,
				0CB0E5B42B76DAB40061FBC7 /* Mangas100.json */,
				0C5189672B74341200D7E0EA /* BestMangas100.json */,
				0CE804492B743A0000B5DA18 /* Authors.json */,
				0CF94A852B743C0700F0683E /* Genres.json */,
				0CF94A832B743B7600F0683E /* Themes.json */,
			);
			path = "Preview Content";
			sourceTree = "<group>";
		};
		0C805F4E2B7170BD007816FA /* Model */ = {
			isa = PBXGroup;
			children = (
				0C805F602B71A65D007816FA /* Model.swift */,
				0C3AC2E22B756D2A0058A91B /* Enums.swift */,
				0C805F4F2B7170D7007816FA /* DTOModel.swift */,
			);
			name = Model;
			sourceTree = "<group>";
		};
		0C805F522B717470007816FA /* Interface */ = {
			isa = PBXGroup;
			children = (
				0C805F532B7174AE007816FA /* URL.swift */,
				0C805F552B718CF8007816FA /* URLRequest.swift */,
				0C805F592B718DD5007816FA /* URLSession.swift */,
				0C805F572B718D93007816FA /* NetworkError.swift */,
			);
			name = Interface;
			sourceTree = "<group>";
		};
		0C805F5B2B718E1F007816FA /* Interactor */ = {
			isa = PBXGroup;
			children = (
				0C805F5C2B718E4F007816FA /* Network.swift */,
			);
			name = Interactor;
			sourceTree = "<group>";
		};
		0C805F622B71A6A3007816FA /* ViewModel */ = {
			isa = PBXGroup;
			children = (
				0C805F632B71A6BA007816FA /* MangasVM.swift */,
				0C3AC2E62B7583200058A91B /* SearchVM.swift */,
				0CA3EE012B7A9FAD00AB6128 /* BestMangasVM.swift */,
			);
			name = ViewModel;
			sourceTree = "<group>";
		};
/* End PBXGroup section */

/* Begin PBXNativeTarget section */
		0C57D0502B716F1000181AAD /* ZMangas */ = {
			isa = PBXNativeTarget;
			buildConfigurationList = 0C57D05F2B716F1200181AAD /* Build configuration list for PBXNativeTarget "ZMangas" */;
			buildPhases = (
				0C57D04D2B716F1000181AAD /* Sources */,
				0C57D04E2B716F1000181AAD /* Frameworks */,
				0C57D04F2B716F1000181AAD /* Resources */,
			);
			buildRules = (
			);
			dependencies = (
			);
			name = ZMangas;
			productName = ZMangas;
			productReference = 0C57D0512B716F1000181AAD /* ZMangas.app */;
			productType = "com.apple.product-type.application";
		};
/* End PBXNativeTarget section */

/* Begin PBXProject section */
		0C57D0492B716F1000181AAD /* Project object */ = {
			isa = PBXProject;
			attributes = {
				BuildIndependentTargetsInParallel = 1;
				LastSwiftUpdateCheck = 1500;
				LastUpgradeCheck = 1500;
				TargetAttributes = {
					0C57D0502B716F1000181AAD = {
						CreatedOnToolsVersion = 15.0.1;
					};
				};
			};
			buildConfigurationList = 0C57D04C2B716F1000181AAD /* Build configuration list for PBXProject "ZMangas" */;
			compatibilityVersion = "Xcode 14.0";
			developmentRegion = en;
			hasScannedForEncodings = 0;
			knownRegions = (
				en,
				Base,
			);
			mainGroup = 0C57D0482B716F1000181AAD;
			productRefGroup = 0C57D0522B716F1000181AAD /* Products */;
			projectDirPath = "";
			projectRoot = "";
			targets = (
				0C57D0502B716F1000181AAD /* ZMangas */,
			);
		};
/* End PBXProject section */

/* Begin PBXResourcesBuildPhase section */
		0C57D04F2B716F1000181AAD /* Resources */ = {
			isa = PBXResourcesBuildPhase;
			buildActionMask = 2147483647;
			files = (
				0C5189682B74341200D7E0EA /* BestMangas100.json in Resources */,
				0CE8044A2B743A0000B5DA18 /* Authors.json in Resources */,
				0CB0E5B92B76E3FA0061FBC7 /* Akira.json in Resources */,
				0C57D05C2B716F1200181AAD /* Preview Assets.xcassets in Resources */,
				0CF94A842B743B7600F0683E /* Themes.json in Resources */,
				0C6B976F2B74508D0067FB7B /* DragonBall.json in Resources */,
				0C57D0592B716F1200181AAD /* Assets.xcassets in Resources */,
				0CB0E5B52B76DAB50061FBC7 /* Mangas100.json in Resources */,
				0CF94A862B743C0700F0683E /* Genres.json in Resources */,
			);
			runOnlyForDeploymentPostprocessing = 0;
		};
/* End PBXResourcesBuildPhase section */

/* Begin PBXSourcesBuildPhase section */
		0C57D04D2B716F1000181AAD /* Sources */ = {
			isa = PBXSourcesBuildPhase;
			buildActionMask = 2147483647;
			files = (
				0CD208792B75613000A5532A /* FilterView.swift in Sources */,
				0C1E36FB2B768B300050E94E /* MyMangasView.swift in Sources */,
				0C5B035A2B7A637000B05F59 /* Utils.swift in Sources */,
				0C5189662B73F25300D7E0EA /* TestView.swift in Sources */,
				0C3AC2E72B7583200058A91B /* SearchVM.swift in Sources */,
				0CB0E5BF2B76E9E00061FBC7 /* GridView.swift in Sources */,
				0C805F612B71A65D007816FA /* Model.swift in Sources */,
				0CB0E5BD2B76E77B0061FBC7 /* BookCoverView.swift in Sources */,
				0C11F6572B75A08D00DD1D80 /* Test.swift in Sources */,
				0CA3EE022B7A9FAD00AB6128 /* BestMangasVM.swift in Sources */,
				0C805F502B7170D7007816FA /* DTOModel.swift in Sources */,
				0C805F5A2B718DD5007816FA /* URLSession.swift in Sources */,
				0C51896A2B74344C00D7E0EA /* PreviewData.swift in Sources */,
				0C0328C72B79457400DDCD2C /* MangasList.swift in Sources */,
				0C805F5D2B718E4F007816FA /* Network.swift in Sources */,
				0CF9A6EB2B780217001F4E81 /* MangaRowView.swift in Sources */,
				0C0328C92B794CA200DDCD2C /* MangasGrid.swift in Sources */,
				0CB0E5B72B76E0C40061FBC7 /* DetailView.swift in Sources */,
				0C3AC2E32B756D2A0058A91B /* Enums.swift in Sources */,
				0C1E36FD2B768B790050E94E /* MangasTabView.swift in Sources */,
				0C57D0572B716F1000181AAD /* MangasView.swift in Sources */,
				0C57D0552B716F1000181AAD /* ZMangasApp.swift in Sources */,
				0C805F582B718D93007816FA /* NetworkError.swift in Sources */,
				0C805F542B7174AE007816FA /* URL.swift in Sources */,
				0C805F562B718CF8007816FA /* URLRequest.swift in Sources */,
				0C5189632B73D2C100D7E0EA /* TestMangaDetail.swift in Sources */,
				0C805F642B71A6BA007816FA /* MangasVM.swift in Sources */,
				0C1E36F92B768B200050E94E /* BestMangasView.swift in Sources */,
			);
			runOnlyForDeploymentPostprocessing = 0;
		};
/* End PBXSourcesBuildPhase section */

/* Begin XCBuildConfiguration section */
		0C57D05D2B716F1200181AAD /* Debug */ = {
			isa = XCBuildConfiguration;
			buildSettings = {
				ALWAYS_SEARCH_USER_PATHS = NO;
				ASSETCATALOG_COMPILER_GENERATE_SWIFT_ASSET_SYMBOL_EXTENSIONS = YES;
				CLANG_ANALYZER_NONNULL = YES;
				CLANG_ANALYZER_NUMBER_OBJECT_CONVERSION = YES_AGGRESSIVE;
				CLANG_CXX_LANGUAGE_STANDARD = "gnu++20";
				CLANG_ENABLE_MODULES = YES;
				CLANG_ENABLE_OBJC_ARC = YES;
				CLANG_ENABLE_OBJC_WEAK = YES;
				CLANG_WARN_BLOCK_CAPTURE_AUTORELEASING = YES;
				CLANG_WARN_BOOL_CONVERSION = YES;
				CLANG_WARN_COMMA = YES;
				CLANG_WARN_CONSTANT_CONVERSION = YES;
				CLANG_WARN_DEPRECATED_OBJC_IMPLEMENTATIONS = YES;
				CLANG_WARN_DIRECT_OBJC_ISA_USAGE = YES_ERROR;
				CLANG_WARN_DOCUMENTATION_COMMENTS = YES;
				CLANG_WARN_EMPTY_BODY = YES;
				CLANG_WARN_ENUM_CONVERSION = YES;
				CLANG_WARN_INFINITE_RECURSION = YES;
				CLANG_WARN_INT_CONVERSION = YES;
				CLANG_WARN_NON_LITERAL_NULL_CONVERSION = YES;
				CLANG_WARN_OBJC_IMPLICIT_RETAIN_SELF = YES;
				CLANG_WARN_OBJC_LITERAL_CONVERSION = YES;
				CLANG_WARN_OBJC_ROOT_CLASS = YES_ERROR;
				CLANG_WARN_QUOTED_INCLUDE_IN_FRAMEWORK_HEADER = YES;
				CLANG_WARN_RANGE_LOOP_ANALYSIS = YES;
				CLANG_WARN_STRICT_PROTOTYPES = YES;
				CLANG_WARN_SUSPICIOUS_MOVE = YES;
				CLANG_WARN_UNGUARDED_AVAILABILITY = YES_AGGRESSIVE;
				CLANG_WARN_UNREACHABLE_CODE = YES;
				CLANG_WARN__DUPLICATE_METHOD_MATCH = YES;
				COPY_PHASE_STRIP = NO;
				DEBUG_INFORMATION_FORMAT = dwarf;
				ENABLE_STRICT_OBJC_MSGSEND = YES;
				ENABLE_TESTABILITY = YES;
				ENABLE_USER_SCRIPT_SANDBOXING = YES;
				GCC_C_LANGUAGE_STANDARD = gnu17;
				GCC_DYNAMIC_NO_PIC = NO;
				GCC_NO_COMMON_BLOCKS = YES;
				GCC_OPTIMIZATION_LEVEL = 0;
				GCC_PREPROCESSOR_DEFINITIONS = (
					"DEBUG=1",
					"$(inherited)",
				);
				GCC_WARN_64_TO_32_BIT_CONVERSION = YES;
				GCC_WARN_ABOUT_RETURN_TYPE = YES_ERROR;
				GCC_WARN_UNDECLARED_SELECTOR = YES;
				GCC_WARN_UNINITIALIZED_AUTOS = YES_AGGRESSIVE;
				GCC_WARN_UNUSED_FUNCTION = YES;
				GCC_WARN_UNUSED_VARIABLE = YES;
				IPHONEOS_DEPLOYMENT_TARGET = 17.0;
				LOCALIZATION_PREFERS_STRING_CATALOGS = YES;
				MTL_ENABLE_DEBUG_INFO = INCLUDE_SOURCE;
				MTL_FAST_MATH = YES;
				ONLY_ACTIVE_ARCH = YES;
				SDKROOT = iphoneos;
				SWIFT_ACTIVE_COMPILATION_CONDITIONS = "DEBUG $(inherited)";
				SWIFT_OPTIMIZATION_LEVEL = "-Onone";
			};
			name = Debug;
		};
		0C57D05E2B716F1200181AAD /* Release */ = {
			isa = XCBuildConfiguration;
			buildSettings = {
				ALWAYS_SEARCH_USER_PATHS = NO;
				ASSETCATALOG_COMPILER_GENERATE_SWIFT_ASSET_SYMBOL_EXTENSIONS = YES;
				CLANG_ANALYZER_NONNULL = YES;
				CLANG_ANALYZER_NUMBER_OBJECT_CONVERSION = YES_AGGRESSIVE;
				CLANG_CXX_LANGUAGE_STANDARD = "gnu++20";
				CLANG_ENABLE_MODULES = YES;
				CLANG_ENABLE_OBJC_ARC = YES;
				CLANG_ENABLE_OBJC_WEAK = YES;
				CLANG_WARN_BLOCK_CAPTURE_AUTORELEASING = YES;
				CLANG_WARN_BOOL_CONVERSION = YES;
				CLANG_WARN_COMMA = YES;
				CLANG_WARN_CONSTANT_CONVERSION = YES;
				CLANG_WARN_DEPRECATED_OBJC_IMPLEMENTATIONS = YES;
				CLANG_WARN_DIRECT_OBJC_ISA_USAGE = YES_ERROR;
				CLANG_WARN_DOCUMENTATION_COMMENTS = YES;
				CLANG_WARN_EMPTY_BODY = YES;
				CLANG_WARN_ENUM_CONVERSION = YES;
				CLANG_WARN_INFINITE_RECURSION = YES;
				CLANG_WARN_INT_CONVERSION = YES;
				CLANG_WARN_NON_LITERAL_NULL_CONVERSION = YES;
				CLANG_WARN_OBJC_IMPLICIT_RETAIN_SELF = YES;
				CLANG_WARN_OBJC_LITERAL_CONVERSION = YES;
				CLANG_WARN_OBJC_ROOT_CLASS = YES_ERROR;
				CLANG_WARN_QUOTED_INCLUDE_IN_FRAMEWORK_HEADER = YES;
				CLANG_WARN_RANGE_LOOP_ANALYSIS = YES;
				CLANG_WARN_STRICT_PROTOTYPES = YES;
				CLANG_WARN_SUSPICIOUS_MOVE = YES;
				CLANG_WARN_UNGUARDED_AVAILABILITY = YES_AGGRESSIVE;
				CLANG_WARN_UNREACHABLE_CODE = YES;
				CLANG_WARN__DUPLICATE_METHOD_MATCH = YES;
				COPY_PHASE_STRIP = NO;
				DEBUG_INFORMATION_FORMAT = "dwarf-with-dsym";
				ENABLE_NS_ASSERTIONS = NO;
				ENABLE_STRICT_OBJC_MSGSEND = YES;
				ENABLE_USER_SCRIPT_SANDBOXING = YES;
				GCC_C_LANGUAGE_STANDARD = gnu17;
				GCC_NO_COMMON_BLOCKS = YES;
				GCC_WARN_64_TO_32_BIT_CONVERSION = YES;
				GCC_WARN_ABOUT_RETURN_TYPE = YES_ERROR;
				GCC_WARN_UNDECLARED_SELECTOR = YES;
				GCC_WARN_UNINITIALIZED_AUTOS = YES_AGGRESSIVE;
				GCC_WARN_UNUSED_FUNCTION = YES;
				GCC_WARN_UNUSED_VARIABLE = YES;
				IPHONEOS_DEPLOYMENT_TARGET = 17.0;
				LOCALIZATION_PREFERS_STRING_CATALOGS = YES;
				MTL_ENABLE_DEBUG_INFO = NO;
				MTL_FAST_MATH = YES;
				SDKROOT = iphoneos;
				SWIFT_COMPILATION_MODE = wholemodule;
				VALIDATE_PRODUCT = YES;
			};
			name = Release;
		};
		0C57D0602B716F1200181AAD /* Debug */ = {
			isa = XCBuildConfiguration;
			buildSettings = {
				ASSETCATALOG_COMPILER_APPICON_NAME = AppIcon;
				ASSETCATALOG_COMPILER_GLOBAL_ACCENT_COLOR_NAME = AccentColor;
				CODE_SIGN_STYLE = Automatic;
				CURRENT_PROJECT_VERSION = 1;
				DEVELOPMENT_ASSET_PATHS = "\"ZMangas/Preview Content\"";
				DEVELOPMENT_TEAM = A9BV75HGP3;
				ENABLE_PREVIEWS = YES;
				GENERATE_INFOPLIST_FILE = YES;
				INFOPLIST_KEY_UIApplicationSceneManifest_Generation = YES;
				INFOPLIST_KEY_UIApplicationSupportsIndirectInputEvents = YES;
				INFOPLIST_KEY_UILaunchScreen_Generation = YES;
				INFOPLIST_KEY_UISupportedInterfaceOrientations_iPad = "UIInterfaceOrientationPortrait UIInterfaceOrientationPortraitUpsideDown UIInterfaceOrientationLandscapeLeft UIInterfaceOrientationLandscapeRight";
				INFOPLIST_KEY_UISupportedInterfaceOrientations_iPhone = "UIInterfaceOrientationPortrait UIInterfaceOrientationLandscapeLeft UIInterfaceOrientationLandscapeRight";
				LD_RUNPATH_SEARCH_PATHS = (
					"$(inherited)",
					"@executable_path/Frameworks",
				);
				MARKETING_VERSION = 1.0;
				PRODUCT_BUNDLE_IDENTIFIER = miguel.gallego.ZMangas;
				PRODUCT_NAME = "$(TARGET_NAME)";
				SWIFT_EMIT_LOC_STRINGS = YES;
				SWIFT_VERSION = 5.0;
				TARGETED_DEVICE_FAMILY = "1,2";
			};
			name = Debug;
		};
		0C57D0612B716F1200181AAD /* Release */ = {
			isa = XCBuildConfiguration;
			buildSettings = {
				ASSETCATALOG_COMPILER_APPICON_NAME = AppIcon;
				ASSETCATALOG_COMPILER_GLOBAL_ACCENT_COLOR_NAME = AccentColor;
				CODE_SIGN_STYLE = Automatic;
				CURRENT_PROJECT_VERSION = 1;
				DEVELOPMENT_ASSET_PATHS = "\"ZMangas/Preview Content\"";
				DEVELOPMENT_TEAM = A9BV75HGP3;
				ENABLE_PREVIEWS = YES;
				GENERATE_INFOPLIST_FILE = YES;
				INFOPLIST_KEY_UIApplicationSceneManifest_Generation = YES;
				INFOPLIST_KEY_UIApplicationSupportsIndirectInputEvents = YES;
				INFOPLIST_KEY_UILaunchScreen_Generation = YES;
				INFOPLIST_KEY_UISupportedInterfaceOrientations_iPad = "UIInterfaceOrientationPortrait UIInterfaceOrientationPortraitUpsideDown UIInterfaceOrientationLandscapeLeft UIInterfaceOrientationLandscapeRight";
				INFOPLIST_KEY_UISupportedInterfaceOrientations_iPhone = "UIInterfaceOrientationPortrait UIInterfaceOrientationLandscapeLeft UIInterfaceOrientationLandscapeRight";
				LD_RUNPATH_SEARCH_PATHS = (
					"$(inherited)",
					"@executable_path/Frameworks",
				);
				MARKETING_VERSION = 1.0;
				PRODUCT_BUNDLE_IDENTIFIER = miguel.gallego.ZMangas;
				PRODUCT_NAME = "$(TARGET_NAME)";
				SWIFT_EMIT_LOC_STRINGS = YES;
				SWIFT_VERSION = 5.0;
				TARGETED_DEVICE_FAMILY = "1,2";
			};
			name = Release;
		};
/* End XCBuildConfiguration section */

/* Begin XCConfigurationList section */
		0C57D04C2B716F1000181AAD /* Build configuration list for PBXProject "ZMangas" */ = {
			isa = XCConfigurationList;
			buildConfigurations = (
				0C57D05D2B716F1200181AAD /* Debug */,
				0C57D05E2B716F1200181AAD /* Release */,
			);
			defaultConfigurationIsVisible = 0;
			defaultConfigurationName = Release;
		};
		0C57D05F2B716F1200181AAD /* Build configuration list for PBXNativeTarget "ZMangas" */ = {
			isa = XCConfigurationList;
			buildConfigurations = (
				0C57D0602B716F1200181AAD /* Debug */,
				0C57D0612B716F1200181AAD /* Release */,
			);
			defaultConfigurationIsVisible = 0;
			defaultConfigurationName = Release;
		};
/* End XCConfigurationList section */
	};
	rootObject = 0C57D0492B716F1000181AAD /* Project object */;
}
